
Microsoft Visual Studio Solution File, Format Version 12.00
# Visual Studio Version 17
VisualStudioVersion = 17.2.32519.379
MinimumVisualStudioVersion = 10.0.40219.1
Project("{FAE04EC0-301F-11D3-BF4B-00C04F79EFBC}") = "AllYouNeed", "AllYouNeed\AllYouNeed.csproj", "{BE841BD0-A9DC-44EC-9D69-343586E80AB5}"
EndProject
Global
	GlobalSection(SolutionConfigurationPlatforms) = preSolution
		Debug|Any CPU = Debug|Any CPU
		Release|Any CPU = Release|Any CPU
	EndGlobalSection
	GlobalSection(ProjectConfigurationPlatforms) = postSolution
		{BE841BD0-A9DC-44EC-9D69-343586E80AB5}.Debug|Any CPU.ActiveCfg = Debug|Any CPU
		{BE841BD0-A9DC-44EC-9D69-343586E80AB5}.Debug|Any CPU.Build.0 = Debug|Any CPU
		{BE841BD0-A9DC-44EC-9D69-343586E80AB5}.Release|Any CPU.ActiveCfg = Release|Any CPU
		{BE841BD0-A9DC-44EC-9D69-343586E80AB5}.Release|Any CPU.Build.0 = Release|Any CPU
	EndGlobalSection
	GlobalSection(SolutionProperties) = preSolution
		HideSolutionNode = FALSE
	EndGlobalSection
	GlobalSection(ExtensibilityGlobals) = postSolution
		SolutionGuid = {3B099853-0305-400D-911E-1394A54134EF}
	EndGlobalSection
EndGlobal
